
Microsoft Visual Studio Solution File, Format Version 12.00
# Visual Studio Version 17
VisualStudioVersion = 17.0.31903.59
MinimumVisualStudioVersion = 10.0.40219.1
Project("{2150E333-8FDC-42A3-9474-1A3956D46DE8}") = "src", "src", "{B21AB308-4CB6-45B8-B8E0-E506A065B4BB}"
EndProject
Project("{FAE04EC0-301F-11D3-BF4B-00C04F79EFBC}") = "Casr.Core", "src\Casr.Core\Casr.Core.csproj", "{1C043D1E-6814-4053-B603-4485E0A83860}"
EndProject
Project("{FAE04EC0-301F-11D3-BF4B-00C04F79EFBC}") = "Casr.App", "src\Casr.App\Casr.App.csproj", "{5BC308AE-D381-46B0-AA42-48B49CCA15D0}"
EndProject
Project("{2150E333-8FDC-42A3-9474-1A3956D46DE8}") = "tests", "tests", "{496AFA44-8FD6-45AD-94DC-39124A8B894B}"
EndProject
Project("{FAE04EC0-301F-11D3-BF4B-00C04F79EFBC}") = "Casr.Core.Tests", "tests\Casr.Core.Tests\Casr.Core.Tests.csproj", "{519CB5D0-03D0-44EA-9E23-5ECD65DAC465}"
EndProject
Global
	GlobalSection(SolutionConfigurationPlatforms) = preSolution
		Debug|Any CPU = Debug|Any CPU
		Release|Any CPU = Release|Any CPU
	EndGlobalSection
	GlobalSection(SolutionProperties) = preSolution
		HideSolutionNode = FALSE
	EndGlobalSection
	GlobalSection(ProjectConfigurationPlatforms) = postSolution
		{1C043D1E-6814-4053-B603-4485E0A83860}.Debug|Any CPU.ActiveCfg = Debug|Any CPU
		{1C043D1E-6814-4053-B603-4485E0A83860}.Debug|Any CPU.Build.0 = Debug|Any CPU
		{1C043D1E-6814-4053-B603-4485E0A83860}.Release|Any CPU.ActiveCfg = Release|Any CPU
		{1C043D1E-6814-4053-B603-4485E0A83860}.Release|Any CPU.Build.0 = Release|Any CPU
		{5BC308AE-D381-46B0-AA42-48B49CCA15D0}.Debug|Any CPU.ActiveCfg = Debug|Any CPU
		{5BC308AE-D381-46B0-AA42-48B49CCA15D0}.Debug|Any CPU.Build.0 = Debug|Any CPU
		{5BC308AE-D381-46B0-AA42-48B49CCA15D0}.Release|Any CPU.ActiveCfg = Release|Any CPU
		{5BC308AE-D381-46B0-AA42-48B49CCA15D0}.Release|Any CPU.Build.0 = Release|Any CPU
		{519CB5D0-03D0-44EA-9E23-5ECD65DAC465}.Debug|Any CPU.ActiveCfg = Debug|Any CPU
		{519CB5D0-03D0-44EA-9E23-5ECD65DAC465}.Debug|Any CPU.Build.0 = Debug|Any CPU
		{519CB5D0-03D0-44EA-9E23-5ECD65DAC465}.Release|Any CPU.ActiveCfg = Release|Any CPU
		{519CB5D0-03D0-44EA-9E23-5ECD65DAC465}.Release|Any CPU.Build.0 = Release|Any CPU
	EndGlobalSection
	GlobalSection(NestedProjects) = preSolution
		{1C043D1E-6814-4053-B603-4485E0A83860} = {B21AB308-4CB6-45B8-B8E0-E506A065B4BB}
		{5BC308AE-D381-46B0-AA42-48B49CCA15D0} = {B21AB308-4CB6-45B8-B8E0-E506A065B4BB}
		{519CB5D0-03D0-44EA-9E23-5ECD65DAC465} = {496AFA44-8FD6-45AD-94DC-39124A8B894B}
	EndGlobalSection
EndGlobal
